
Microsoft Visual Studio Solution File, Format Version 12.00
# Visual Studio Version 17
VisualStudioVersion = 17.14.36705.20 d17.14
MinimumVisualStudioVersion = 10.0.40219.1
Project("{FAE04EC0-301F-11D3-BF4B-00C04F79EFBC}") = "Rayen_Nasri", "Rayen_Nasri.csproj", "{384FBE1E-F4FF-4811-A959-EE475DD0A057}"
EndProject
Global
	GlobalSection(SolutionConfigurationPlatforms) = preSolution
		Debug|Any CPU = Debug|Any CPU
		Release|Any CPU = Release|Any CPU
	EndGlobalSection
	GlobalSection(ProjectConfigurationPlatforms) = postSolution
		{384FBE1E-F4FF-4811-A959-EE475DD0A057}.Debug|Any CPU.ActiveCfg = Debug|Any CPU
		{384FBE1E-F4FF-4811-A959-EE475DD0A057}.Debug|Any CPU.Build.0 = Debug|Any CPU
		{384FBE1E-F4FF-4811-A959-EE475DD0A057}.Release|Any CPU.ActiveCfg = Release|Any CPU
		{384FBE1E-F4FF-4811-A959-EE475DD0A057}.Release|Any CPU.Build.0 = Release|Any CPU
	EndGlobalSection
	GlobalSection(SolutionProperties) = preSolution
		HideSolutionNode = FALSE
	EndGlobalSection
	GlobalSection(ExtensibilityGlobals) = postSolution
		SolutionGuid = {E1E1DB94-4915-4277-AA26-A2CFAE1E7E7E}
	EndGlobalSection
EndGlobal
